
Microsoft Visual Studio Solution File, Format Version 12.00
# Visual Studio 15
Project("{FAE04EC0-301F-11D3-BF4B-00C04F79EFBC}") = "UniHumanoid", "UniHumanoid.csproj", "{C0DA6CF2-3541-333F-6B49-769BEF927F15}"
EndProject
Project("{FAE04EC0-301F-11D3-BF4B-00C04F79EFBC}") = "SpringBoneJobs", "SpringBoneJobs.csproj", "{0C0DB3C8-4CF7-1EAC-F0AF-7D6709F1CC43}"
EndProject
Project("{FAE04EC0-301F-11D3-BF4B-00C04F79EFBC}") = "UniGLTF.Editor", "UniGLTF.Editor.csproj", "{A96D5B3C-2E5A-46F5-EAB7-48E6A1D11651}"
EndProject
Project("{FAE04EC0-301F-11D3-BF4B-00C04F79EFBC}") = "UniGLTF", "UniGLTF.csproj", "{50FDCF37-23D1-2B11-203F-6424DD665076}"
EndProject
Project("{FAE04EC0-301F-11D3-BF4B-00C04F79EFBC}") = "VRM", "VRM.csproj", "{14F291AC-84EF-F2FA-168C-CC6302325A75}"
EndProject
Project("{FAE04EC0-301F-11D3-BF4B-00C04F79EFBC}") = "Assembly-CSharp-Editor", "Assembly-CSharp-Editor.csproj", "{51E08F99-5C74-384F-D366-4B10944888C1}"
EndProject
Project("{FAE04EC0-301F-11D3-BF4B-00C04F79EFBC}") = "UniGLTF.Tests", "UniGLTF.Tests.csproj", "{D25DEB1A-82F5-3C74-6EF4-611C367A2BE0}"
EndProject
Project("{FAE04EC0-301F-11D3-BF4B-00C04F79EFBC}") = "MToon", "MToon.csproj", "{3D5B10DA-B227-5669-2EB9-0DB7991EE85D}"
EndProject
Project("{FAE04EC0-301F-11D3-BF4B-00C04F79EFBC}") = "UniVRM.Editor", "UniVRM.Editor.csproj", "{2500A19C-6695-E7F5-957A-1DE7A1F17AC5}"
EndProject
Project("{FAE04EC0-301F-11D3-BF4B-00C04F79EFBC}") = "VRM.Tests", "VRM.Tests.csproj", "{6308F89E-397C-70D2-4186-5A4A58B83F07}"
EndProject
Project("{FAE04EC0-301F-11D3-BF4B-00C04F79EFBC}") = "MToon.Editor", "MToon.Editor.csproj", "{8A906671-3B69-01D5-6E57-B8AC45B6E5D6}"
EndProject
Project("{FAE04EC0-301F-11D3-BF4B-00C04F79EFBC}") = "UniHumanoid.Editor", "UniHumanoid.Editor.csproj", "{1B8E5315-A870-A2EB-0AA1-516E3C239B1D}"
EndProject
Project("{FAE04EC0-301F-11D3-BF4B-00C04F79EFBC}") = "VRM.Samples.Editor.Tests", "VRM.Samples.Editor.Tests.csproj", "{3AD09346-63C7-383A-3157-501AD31E35BF}"
EndProject
Project("{FAE04EC0-301F-11D3-BF4B-00C04F79EFBC}") = "UniGLTF.UniUnlit", "UniGLTF.UniUnlit.csproj", "{EA790195-D8A2-D9D4-D6AE-DE6F619990FA}"
EndProject
Project("{FAE04EC0-301F-11D3-BF4B-00C04F79EFBC}") = "UniHumanoid.Editor.Tests", "UniHumanoid.Editor.Tests.csproj", "{24D226EA-778F-1F00-84AA-6B48C92E1DAC}"
EndProject
Project("{FAE04EC0-301F-11D3-BF4B-00C04F79EFBC}") = "UniGLTF.UniUnlit.Editor", "UniGLTF.UniUnlit.Editor.csproj", "{FA9574E2-C7F8-417F-477C-39DF04AB7EB4}"
EndProject
Project("{FAE04EC0-301F-11D3-BF4B-00C04F79EFBC}") = "Assembly-CSharp", "Assembly-CSharp.csproj", "{1E2A4BB0-3E2E-0FD6-A17D-8D272BE9B5E5}"
EndProject
Project("{FAE04EC0-301F-11D3-BF4B-00C04F79EFBC}") = "UniGLTF.Utils", "UniGLTF.Utils.csproj", "{0B2CE7EF-50D3-2C0A-7411-99866D593975}"
EndProject
Global
	GlobalSection(SolutionConfigurationPlatforms) = preSolution
		Debug|Any CPU = Debug|Any CPU
		Release|Any CPU = Release|Any CPU
	EndGlobalSection
	GlobalSection(ProjectConfigurationPlatforms) = postSolution
		{C0DA6CF2-3541-333F-6B49-769BEF927F15}.Debug|Any CPU.ActiveCfg = Debug|Any CPU
		{C0DA6CF2-3541-333F-6B49-769BEF927F15}.Debug|Any CPU.Build.0 = Debug|Any CPU
		{C0DA6CF2-3541-333F-6B49-769BEF927F15}.Release|Any CPU.ActiveCfg = Release|Any CPU
		{C0DA6CF2-3541-333F-6B49-769BEF927F15}.Release|Any CPU.Build.0 = Release|Any CPU
		{0C0DB3C8-4CF7-1EAC-F0AF-7D6709F1CC43}.Debug|Any CPU.ActiveCfg = Debug|Any CPU
		{0C0DB3C8-4CF7-1EAC-F0AF-7D6709F1CC43}.Debug|Any CPU.Build.0 = Debug|Any CPU
		{0C0DB3C8-4CF7-1EAC-F0AF-7D6709F1CC43}.Release|Any CPU.ActiveCfg = Release|Any CPU
		{0C0DB3C8-4CF7-1EAC-F0AF-7D6709F1CC43}.Release|Any CPU.Build.0 = Release|Any CPU
		{A96D5B3C-2E5A-46F5-EAB7-48E6A1D11651}.Debug|Any CPU.ActiveCfg = Debug|Any CPU
		{A96D5B3C-2E5A-46F5-EAB7-48E6A1D11651}.Debug|Any CPU.Build.0 = Debug|Any CPU
		{A96D5B3C-2E5A-46F5-EAB7-48E6A1D11651}.Release|Any CPU.ActiveCfg = Release|Any CPU
		{A96D5B3C-2E5A-46F5-EAB7-48E6A1D11651}.Release|Any CPU.Build.0 = Release|Any CPU
		{50FDCF37-23D1-2B11-203F-6424DD665076}.Debug|Any CPU.ActiveCfg = Debug|Any CPU
		{50FDCF37-23D1-2B11-203F-6424DD665076}.Debug|Any CPU.Build.0 = Debug|Any CPU
		{50FDCF37-23D1-2B11-203F-6424DD665076}.Release|Any CPU.ActiveCfg = Release|Any CPU
		{50FDCF37-23D1-2B11-203F-6424DD665076}.Release|Any CPU.Build.0 = Release|Any CPU
		{14F291AC-84EF-F2FA-168C-CC6302325A75}.Debug|Any CPU.ActiveCfg = Debug|Any CPU
		{14F291AC-84EF-F2FA-168C-CC6302325A75}.Debug|Any CPU.Build.0 = Debug|Any CPU
		{14F291AC-84EF-F2FA-168C-CC6302325A75}.Release|Any CPU.ActiveCfg = Release|Any CPU
		{14F291AC-84EF-F2FA-168C-CC6302325A75}.Release|Any CPU.Build.0 = Release|Any CPU
		{51E08F99-5C74-384F-D366-4B10944888C1}.Debug|Any CPU.ActiveCfg = Debug|Any CPU
		{51E08F99-5C74-384F-D366-4B10944888C1}.Debug|Any CPU.Build.0 = Debug|Any CPU
		{51E08F99-5C74-384F-D366-4B10944888C1}.Release|Any CPU.ActiveCfg = Release|Any CPU
		{51E08F99-5C74-384F-D366-4B10944888C1}.Release|Any CPU.Build.0 = Release|Any CPU
		{D25DEB1A-82F5-3C74-6EF4-611C367A2BE0}.Debug|Any CPU.ActiveCfg = Debug|Any CPU
		{D25DEB1A-82F5-3C74-6EF4-611C367A2BE0}.Debug|Any CPU.Build.0 = Debug|Any CPU
		{D25DEB1A-82F5-3C74-6EF4-611C367A2BE0}.Release|Any CPU.ActiveCfg = Release|Any CPU
		{D25DEB1A-82F5-3C74-6EF4-611C367A2BE0}.Release|Any CPU.Build.0 = Release|Any CPU
		{3D5B10DA-B227-5669-2EB9-0DB7991EE85D}.Debug|Any CPU.ActiveCfg = Debug|Any CPU
		{3D5B10DA-B227-5669-2EB9-0DB7991EE85D}.Debug|Any CPU.Build.0 = Debug|Any CPU
		{3D5B10DA-B227-5669-2EB9-0DB7991EE85D}.Release|Any CPU.ActiveCfg = Release|Any CPU
		{3D5B10DA-B227-5669-2EB9-0DB7991EE85D}.Release|Any CPU.Build.0 = Release|Any CPU
		{2500A19C-6695-E7F5-957A-1DE7A1F17AC5}.Debug|Any CPU.ActiveCfg = Debug|Any CPU
		{2500A19C-6695-E7F5-957A-1DE7A1F17AC5}.Debug|Any CPU.Build.0 = Debug|Any CPU
		{2500A19C-6695-E7F5-957A-1DE7A1F17AC5}.Release|Any CPU.ActiveCfg = Release|Any CPU
		{2500A19C-6695-E7F5-957A-1DE7A1F17AC5}.Release|Any CPU.Build.0 = Release|Any CPU
		{6308F89E-397C-70D2-4186-5A4A58B83F07}.Debug|Any CPU.ActiveCfg = Debug|Any CPU
		{6308F89E-397C-70D2-4186-5A4A58B83F07}.Debug|Any CPU.Build.0 = Debug|Any CPU
		{6308F89E-397C-70D2-4186-5A4A58B83F07}.Release|Any CPU.ActiveCfg = Release|Any CPU
		{6308F89E-397C-70D2-4186-5A4A58B83F07}.Release|Any CPU.Build.0 = Release|Any CPU
		{8A906671-3B69-01D5-6E57-B8AC45B6E5D6}.Debug|Any CPU.ActiveCfg = Debug|Any CPU
		{8A906671-3B69-01D5-6E57-B8AC45B6E5D6}.Debug|Any CPU.Build.0 = Debug|Any CPU
		{8A906671-3B69-01D5-6E57-B8AC45B6E5D6}.Release|Any CPU.ActiveCfg = Release|Any CPU
		{8A906671-3B69-01D5-6E57-B8AC45B6E5D6}.Release|Any CPU.Build.0 = Release|Any CPU
		{1B8E5315-A870-A2EB-0AA1-516E3C239B1D}.Debug|Any CPU.ActiveCfg = Debug|Any CPU
		{1B8E5315-A870-A2EB-0AA1-516E3C239B1D}.Debug|Any CPU.Build.0 = Debug|Any CPU
		{1B8E5315-A870-A2EB-0AA1-516E3C239B1D}.Release|Any CPU.ActiveCfg = Release|Any CPU
		{1B8E5315-A870-A2EB-0AA1-516E3C239B1D}.Release|Any CPU.Build.0 = Release|Any CPU
		{3AD09346-63C7-383A-3157-501AD31E35BF}.Debug|Any CPU.ActiveCfg = Debug|Any CPU
		{3AD09346-63C7-383A-3157-501AD31E35BF}.Debug|Any CPU.Build.0 = Debug|Any CPU
		{3AD09346-63C7-383A-3157-501AD31E35BF}.Release|Any CPU.ActiveCfg = Release|Any CPU
		{3AD09346-63C7-383A-3157-501AD31E35BF}.Release|Any CPU.Build.0 = Release|Any CPU
		{EA790195-D8A2-D9D4-D6AE-DE6F619990FA}.Debug|Any CPU.ActiveCfg = Debug|Any CPU
		{EA790195-D8A2-D9D4-D6AE-DE6F619990FA}.Debug|Any CPU.Build.0 = Debug|Any CPU
		{EA790195-D8A2-D9D4-D6AE-DE6F619990FA}.Release|Any CPU.ActiveCfg = Release|Any CPU
		{EA790195-D8A2-D9D4-D6AE-DE6F619990FA}.Release|Any CPU.Build.0 = Release|Any CPU
		{24D226EA-778F-1F00-84AA-6B48C92E1DAC}.Debug|Any CPU.ActiveCfg = Debug|Any CPU
		{24D226EA-778F-1F00-84AA-6B48C92E1DAC}.Debug|Any CPU.Build.0 = Debug|Any CPU
		{24D226EA-778F-1F00-84AA-6B48C92E1DAC}.Release|Any CPU.ActiveCfg = Release|Any CPU
		{24D226EA-778F-1F00-84AA-6B48C92E1DAC}.Release|Any CPU.Build.0 = Release|Any CPU
		{FA9574E2-C7F8-417F-477C-39DF04AB7EB4}.Debug|Any CPU.ActiveCfg = Debug|Any CPU
		{FA9574E2-C7F8-417F-477C-39DF04AB7EB4}.Debug|Any CPU.Build.0 = Debug|Any CPU
		{FA9574E2-C7F8-417F-477C-39DF04AB7EB4}.Release|Any CPU.ActiveCfg = Release|Any CPU
		{FA9574E2-C7F8-417F-477C-39DF04AB7EB4}.Release|Any CPU.Build.0 = Release|Any CPU
		{1E2A4BB0-3E2E-0FD6-A17D-8D272BE9B5E5}.Debug|Any CPU.ActiveCfg = Debug|Any CPU
		{1E2A4BB0-3E2E-0FD6-A17D-8D272BE9B5E5}.Debug|Any CPU.Build.0 = Debug|Any CPU
		{1E2A4BB0-3E2E-0FD6-A17D-8D272BE9B5E5}.Release|Any CPU.ActiveCfg = Release|Any CPU
		{1E2A4BB0-3E2E-0FD6-A17D-8D272BE9B5E5}.Release|Any CPU.Build.0 = Release|Any CPU
		{0B2CE7EF-50D3-2C0A-7411-99866D593975}.Debug|Any CPU.ActiveCfg = Debug|Any CPU
		{0B2CE7EF-50D3-2C0A-7411-99866D593975}.Debug|Any CPU.Build.0 = Debug|Any CPU
		{0B2CE7EF-50D3-2C0A-7411-99866D593975}.Release|Any CPU.ActiveCfg = Release|Any CPU
		{0B2CE7EF-50D3-2C0A-7411-99866D593975}.Release|Any CPU.Build.0 = Release|Any CPU
	EndGlobalSection
	GlobalSection(SolutionProperties) = preSolution
		HideSolutionNode = FALSE
	EndGlobalSection
EndGlobal
